
Microsoft Visual Studio Solution File, Format Version 12.00
# Visual Studio Version 17
VisualStudioVersion = 17.3.32922.545
MinimumVisualStudioVersion = 10.0.40219.1
Project("{2150E333-8FDC-42A3-9474-1A3956D46DE8}") = "Part 1", "Part 1", "{7FA145AC-2953-47B6-8A5D-D5830B713DF3}"
	ProjectSection(SolutionItems) = preProject
		Part1Ex1.html = Part1Ex1.html
		Script2.js = Script2.js
		Part1Ex2+bonus.html = Part1Ex2+bonus.html
		Script1.js = Script1.js
	EndProjectSection
EndProject
Project("{2150E333-8FDC-42A3-9474-1A3956D46DE8}") = "Part 2", "Part 2", "{AFD786D7-CFC6-4F84-993D-156C0E46139E}"
	ProjectSection(SolutionItems) = preProject
		Script3.js = Script3.js
		Part2Bonus.html = Part2Bonus.html
		Part2Ex2.html = Part2Ex2.html
		Part2Ex1.html = Part2Ex1.html
		Script4.js = Script4.js
		Script7.js = Script7.js
	EndProjectSection
EndProject
Project("{2150E333-8FDC-42A3-9474-1A3956D46DE8}") = "Part 3", "Part 3", "{4E742098-5578-4F6A-BBBE-B5D9A91BB780}"
	ProjectSection(SolutionItems) = preProject
		Script5.js = Script5.js
		Part3Array.html = Part3Array.html
		Part3Object.html = Part3Object.html
		Script6.js = Script6.js
	EndProjectSection
EndProject
Global
	GlobalSection(SolutionProperties) = preSolution
		HideSolutionNode = FALSE
	EndGlobalSection
	GlobalSection(ExtensibilityGlobals) = postSolution
		SolutionGuid = {DE625F10-9BE9-496C-9ED7-F9EF4B6F34B7}
	EndGlobalSection
EndGlobal
